// !$*UTF8*$!
{
	archiveVersion = 1;
	classes = {
	};
	objectVersion = 48;
	objects = {

/* Begin PBXBuildFile section */
		4F37C2361FFDD21500C2C6E1 /* AppDelegate.swift in Sources */ = {isa = PBXBuildFile; fileRef = 4F37C2351FFDD21500C2C6E1 /* AppDelegate.swift */; };
		4F37C2381FFDD21500C2C6E1 /* ViewController.swift in Sources */ = {isa = PBXBuildFile; fileRef = 4F37C2371FFDD21500C2C6E1 /* ViewController.swift */; };
		4F37C23B1FFDD21500C2C6E1 /* Main.storyboard in Resources */ = {isa = PBXBuildFile; fileRef = 4F37C2391FFDD21500C2C6E1 /* Main.storyboard */; };
		4F37C23D1FFDD21500C2C6E1 /* Assets.xcassets in Resources */ = {isa = PBXBuildFile; fileRef = 4F37C23C1FFDD21500C2C6E1 /* Assets.xcassets */; };
		4F37C2401FFDD21500C2C6E1 /* LaunchScreen.storyboard in Resources */ = {isa = PBXBuildFile; fileRef = 4F37C23E1FFDD21500C2C6E1 /* LaunchScreen.storyboard */; };
/* End PBXBuildFile section */

/* Begin PBXFileReference section */
		4F37C2321FFDD21500C2C6E1 /* 闭包的循环引用.app */ = {isa = PBXFileReference; explicitFileType = wrapper.application; includeInIndex = 0; path = "闭包的循环引用.app"; sourceTree = BUILT_PRODUCTS_DIR; };
		4F37C2351FFDD21500C2C6E1 /* AppDelegate.swift */ = {isa = PBXFileReference; lastKnownFileType = sourcecode.swift; path = AppDelegate.swift; sourceTree = "<group>"; };
		4F37C2371FFDD21500C2C6E1 /* ViewController.swift */ = {isa = PBXFileReference; lastKnownFileType = sourcecode.swift; path = ViewController.swift; sourceTree = "<group>"; };
		4F37C23A1FFDD21500C2C6E1 /* Base */ = {isa = PBXFileReference; lastKnownFileType = file.storyboard; name = Base; path = Base.lproj/Main.storyboard; sourceTree = "<group>"; };
		4F37C23C1FFDD21500C2C6E1 /* Assets.xcassets */ = {isa = PBXFileReference; lastKnownFileType = folder.assetcatalog; path = Assets.xcassets; sourceTree = "<group>"; };
		4F37C23F1FFDD21500C2C6E1 /* Base */ = {isa = PBXFileReference; lastKnownFileType = file.storyboard; name = Base; path = Base.lproj/LaunchScreen.storyboard; sourceTree = "<group>"; };
		4F37C2411FFDD21500C2C6E1 /* Info.plist */ = {isa = PBXFileReference; lastKnownFileType = text.plist.xml; path = Info.plist; sourceTree = "<group>"; };
/* End PBXFileReference section */

/* Begin PBXFrameworksBuildPhase section */
		4F37C22F1FFDD21500C2C6E1 /* Frameworks */ = {
			isa = PBXFrameworksBuildPhase;
			buildActionMask = 2147483647;
			files = (
			);
			runOnlyForDeploymentPostprocessing = 0;
		};
/* End PBXFrameworksBuildPhase section */

/* Begin PBXGroup section */
		4F37C2291FFDD21500C2C6E1 = {
			isa = PBXGroup;
			children = (
				4F37C2341FFDD21500C2C6E1 /* 闭包的循环引用 */,
				4F37C2331FFDD21500C2C6E1 /* Products */,
			);
			sourceTree = "<group>";
		};
		4F37C2331FFDD21500C2C6E1 /* Products */ = {
			isa = PBXGroup;
			children = (
				4F37C2321FFDD21500C2C6E1 /* 闭包的循环引用.app */,
			);
			name = Products;
			sourceTree = "<group>";
		};
		4F37C2341FFDD21500C2C6E1 /* 闭包的循环引用 */ = {
			isa = PBXGroup;
			children = (
				4F37C2351FFDD21500C2C6E1 /* AppDelegate.swift */,
				4F37C2371FFDD21500C2C6E1 /* ViewController.swift */,
				4F37C2391FFDD21500C2C6E1 /* Main.storyboard */,
				4F37C23C1FFDD21500C2C6E1 /* Assets.xcassets */,
				4F37C23E1FFDD21500C2C6E1 /* LaunchScreen.storyboard */,
				4F37C2411FFDD21500C2C6E1 /* Info.plist */,
			);
			path = "闭包的循环引用";
			sourceTree = "<group>";
		};
/* End PBXGroup section */

/* Begin PBXNativeTarget section */
		4F37C2311FFDD21500C2C6E1 /* 闭包的循环引用 */ = {
			isa = PBXNativeTarget;
			buildConfigurationList = 4F37C2441FFDD21500C2C6E1 /* Build configuration list for PBXNativeTarget "闭包的循环引用" */;
			buildPhases = (
				4F37C22E1FFDD21500C2C6E1 /* Sources */,
				4F37C22F1FFDD21500C2C6E1 /* Frameworks */,
				4F37C2301FFDD21500C2C6E1 /* Resources */,
			);
			buildRules = (
			);
			dependencies = (
			);
			name = "闭包的循环引用";
			productName = "闭包的循环引用";
			productReference = 4F37C2321FFDD21500C2C6E1 /* 闭包的循环引用.app */;
			productType = "com.apple.product-type.application";
		};
/* End PBXNativeTarget section */

/* Begin PBXProject section */
		4F37C22A1FFDD21500C2C6E1 /* Project object */ = {
			isa = PBXProject;
			attributes = {
				LastSwiftUpdateCheck = 0920;
				LastUpgradeCheck = 0920;
				ORGANIZATIONNAME = pank;
				TargetAttributes = {
					4F37C2311FFDD21500C2C6E1 = {
						CreatedOnToolsVersion = 9.2;
						ProvisioningStyle = Automatic;
					};
				};
			};
			buildConfigurationList = 4F37C22D1FFDD21500C2C6E1 /* Build configuration list for PBXProject "闭包的循环引用" */;
			compatibilityVersion = "Xcode 8.0";
			developmentRegion = en;
			hasScannedForEncodings = 0;
			knownRegions = (
				en,
				Base,
			);
			mainGroup = 4F37C2291FFDD21500C2C6E1;
			productRefGroup = 4F37C2331FFDD21500C2C6E1 /* Products */;
			projectDirPath = "";
			projectRoot = "";
			targets = (
				4F37C2311FFDD21500C2C6E1 /* 闭包的循环引用 */,
			);
		};
/* End PBXProject section */

/* Begin PBXResourcesBuildPhase section */
		4F37C2301FFDD21500C2C6E1 /* Resources */ = {
			isa = PBXResourcesBuildPhase;
			buildActionMask = 2147483647;
			files = (
				4F37C2401FFDD21500C2C6E1 /* LaunchScreen.storyboard in Resources */,
				4F37C23D1FFDD21500C2C6E1 /* Assets.xcassets in Resources */,
				4F37C23B1FFDD21500C2C6E1 /* Main.storyboard in Resources */,
			);
			runOnlyForDeploymentPostprocessing = 0;
		};
/* End PBXResourcesBuildPhase section */

/* Begin PBXSourcesBuildPhase section */
		4F37C22E1FFDD21500C2C6E1 /* Sources */ = {
			isa = PBXSourcesBuildPhase;
			buildActionMask = 2147483647;
			files = (
				4F37C2381FFDD21500C2C6E1 /* ViewController.swift in Sources */,
				4F37C2361FFDD21500C2C6E1 /* AppDelegate.swift in Sources */,
			);
			runOnlyForDeploymentPostprocessing = 0;
		};
/* End PBXSourcesBuildPhase section */

/* Begin PBXVariantGroup section */
		4F37C2391FFDD21500C2C6E1 /* Main.storyboard */ = {
			isa = PBXVariantGroup;
			children = (
				4F37C23A1FFDD21500C2C6E1 /* Base */,
			);
			name = Main.storyboard;
			sourceTree = "<group>";
		};
		4F37C23E1FFDD21500C2C6E1 /* LaunchScreen.storyboard */ = {
			isa = PBXVariantGroup;
			children = (
				4F37C23F1FFDD21500C2C6E1 /* Base */,
			);
			name = LaunchScreen.storyboard;
			sourceTree = "<group>";
		};
/* End PBXVariantGroup section */

/* Begin XCBuildConfiguration section */
		4F37C2421FFDD21500C2C6E1 /* Debug */ = {
			isa = XCBuildConfiguration;
			buildSettings = {
				ALWAYS_SEARCH_USER_PATHS = NO;
				CLANG_ANALYZER_NONNULL = YES;
				CLANG_ANALYZER_NUMBER_OBJECT_CONVERSION = YES_AGGRESSIVE;
				CLANG_CXX_LANGUAGE_STANDARD = "gnu++14";
				CLANG_CXX_LIBRARY = "libc++";
				CLANG_ENABLE_MODULES = YES;
				CLANG_ENABLE_OBJC_ARC = YES;
				CLANG_WARN_BLOCK_CAPTURE_AUTORELEASING = YES;
				CLANG_WARN_BOOL_CONVERSION = YES;
				CLANG_WARN_COMMA = YES;
				CLANG_WARN_CONSTANT_CONVERSION = YES;
				CLANG_WARN_DIRECT_OBJC_ISA_USAGE = YES_ERROR;
				CLANG_WARN_DOCUMENTATION_COMMENTS = YES;
				CLANG_WARN_EMPTY_BODY = YES;
				CLANG_WARN_ENUM_CONVERSION = YES;
				CLANG_WARN_INFINITE_RECURSION = YES;
				CLANG_WARN_INT_CONVERSION = YES;
				CLANG_WARN_NON_LITERAL_NULL_CONVERSION = YES;
				CLANG_WARN_OBJC_LITERAL_CONVERSION = YES;
				CLANG_WARN_OBJC_ROOT_CLASS = YES_ERROR;
				CLANG_WARN_RANGE_LOOP_ANALYSIS = YES;
				CLANG_WARN_STRICT_PROTOTYPES = YES;
				CLANG_WARN_SUSPICIOUS_MOVE = YES;
				CLANG_WARN_UNGUARDED_AVAILABILITY = YES_AGGRESSIVE;
				CLANG_WARN_UNREACHABLE_CODE = YES;
				CLANG_WARN__DUPLICATE_METHOD_MATCH = YES;
				CODE_SIGN_IDENTITY = "iPhone Developer";
				COPY_PHASE_STRIP = NO;
				DEBUG_INFORMATION_FORMAT = dwarf;
				ENABLE_STRICT_OBJC_MSGSEND = YES;
				ENABLE_TESTABILITY = YES;
				GCC_C_LANGUAGE_STANDARD = gnu11;
				GCC_DYNAMIC_NO_PIC = NO;
				GCC_NO_COMMON_BLOCKS = YES;
				GCC_OPTIMIZATION_LEVEL = 0;
				GCC_PREPROCESSOR_DEFINITIONS = (
					"DEBUG=1",
					"$(inherited)",
				);
				GCC_WARN_64_TO_32_BIT_CONVERSION = YES;
				GCC_WARN_ABOUT_RETURN_TYPE = YES_ERROR;
				GCC_WARN_UNDECLARED_SELECTOR = YES;
				GCC_WARN_UNINITIALIZED_AUTOS = YES_AGGRESSIVE;
				GCC_WARN_UNUSED_FUNCTION = YES;
				GCC_WARN_UNUSED_VARIABLE = YES;
				IPHONEOS_DEPLOYMENT_TARGET = 11.2;
				MTL_ENABLE_DEBUG_INFO = YES;
				ONLY_ACTIVE_ARCH = YES;
				SDKROOT = iphoneos;
				SWIFT_ACTIVE_COMPILATION_CONDITIONS = DEBUG;
				SWIFT_OPTIMIZATION_LEVEL = "-Onone";
			};
			name = Debug;
		};
		4F37C2431FFDD21500C2C6E1 /* Release */ = {
			isa = XCBuildConfiguration;
			buildSettings = {
				ALWAYS_SEARCH_USER_PATHS = NO;
				CLANG_ANALYZER_NONNULL = YES;
				CLANG_ANALYZER_NUMBER_OBJECT_CONVERSION = YES_AGGRESSIVE;
				CLANG_CXX_LANGUAGE_STANDARD = "gnu++14";
				CLANG_CXX_LIBRARY = "libc++";
				CLANG_ENABLE_MODULES = YES;
				CLANG_ENABLE_OBJC_ARC = YES;
				CLANG_WARN_BLOCK_CAPTURE_AUTORELEASING = YES;
				CLANG_WARN_BOOL_CONVERSION = YES;
				CLANG_WARN_COMMA = YES;
				CLANG_WARN_CONSTANT_CONVERSION = YES;
				CLANG_WARN_DIRECT_OBJC_ISA_USAGE = YES_ERROR;
				CLANG_WARN_DOCUMENTATION_COMMENTS = YES;
				CLANG_WARN_EMPTY_BODY = YES;
				CLANG_WARN_ENUM_CONVERSION = YES;
				CLANG_WARN_INFINITE_RECURSION = YES;
				CLANG_WARN_INT_CONVERSION = YES;
				CLANG_WARN_NON_LITERAL_NULL_CONVERSION = YES;
				CLANG_WARN_OBJC_LITERAL_CONVERSION = YES;
				CLANG_WARN_OBJC_ROOT_CLASS = YES_ERROR;
				CLANG_WARN_RANGE_LOOP_ANALYSIS = YES;
				CLANG_WARN_STRICT_PROTOTYPES = YES;
				CLANG_WARN_SUSPICIOUS_MOVE = YES;
				CLANG_WARN_UNGUARDED_AVAILABILITY = YES_AGGRESSIVE;
				CLANG_WARN_UNREACHABLE_CODE = YES;
				CLANG_WARN__DUPLICATE_METHOD_MATCH = YES;
				CODE_SIGN_IDENTITY = "iPhone Developer";
				COPY_PHASE_STRIP = NO;
				DEBUG_INFORMATION_FORMAT = "dwarf-with-dsym";
				ENABLE_NS_ASSERTIONS = NO;
				ENABLE_STRICT_OBJC_MSGSEND = YES;
				GCC_C_LANGUAGE_STANDARD = gnu11;
				GCC_NO_COMMON_BLOCKS = YES;
				GCC_WARN_64_TO_32_BIT_CONVERSION = YES;
				GCC_WARN_ABOUT_RETURN_TYPE = YES_ERROR;
				GCC_WARN_UNDECLARED_SELECTOR = YES;
				GCC_WARN_UNINITIALIZED_AUTOS = YES_AGGRESSIVE;
				GCC_WARN_UNUSED_FUNCTION = YES;
				GCC_WARN_UNUSED_VARIABLE = YES;
				IPHONEOS_DEPLOYMENT_TARGET = 11.2;
				MTL_ENABLE_DEBUG_INFO = NO;
				SDKROOT = iphoneos;
				SWIFT_OPTIMIZATION_LEVEL = "-Owholemodule";
				VALIDATE_PRODUCT = YES;
			};
			name = Release;
		};
		4F37C2451FFDD21500C2C6E1 /* Debug */ = {
			isa = XCBuildConfiguration;
			buildSettings = {
				ASSETCATALOG_COMPILER_APPICON_NAME = AppIcon;
				CODE_SIGN_STYLE = Automatic;
				DEVELOPMENT_TEAM = 4ZVTV26L8D;
				INFOPLIST_FILE = "闭包的循环引用/Info.plist";
				LD_RUNPATH_SEARCH_PATHS = "$(inherited) @executable_path/Frameworks";
				PRODUCT_BUNDLE_IDENTIFIER = "com.pankx.-------";
				PRODUCT_NAME = "$(TARGET_NAME)";
				SWIFT_VERSION = 4.0;
				TARGETED_DEVICE_FAMILY = "1,2";
			};
			name = Debug;
		};
		4F37C2461FFDD21500C2C6E1 /* Release */ = {
			isa = XCBuildConfiguration;
			buildSettings = {
				ASSETCATALOG_COMPILER_APPICON_NAME = AppIcon;
				CODE_SIGN_STYLE = Automatic;
				DEVELOPMENT_TEAM = 4ZVTV26L8D;
				INFOPLIST_FILE = "闭包的循环引用/Info.plist";
				LD_RUNPATH_SEARCH_PATHS = "$(inherited) @executable_path/Frameworks";
				PRODUCT_BUNDLE_IDENTIFIER = "com.pankx.-------";
				PRODUCT_NAME = "$(TARGET_NAME)";
				SWIFT_VERSION = 4.0;
				TARGETED_DEVICE_FAMILY = "1,2";
			};
			name = Release;
		};
/* End XCBuildConfiguration section */

/* Begin XCConfigurationList section */
		4F37C22D1FFDD21500C2C6E1 /* Build configuration list for PBXProject "闭包的循环引用" */ = {
			isa = XCConfigurationList;
			buildConfigurations = (
				4F37C2421FFDD21500C2C6E1 /* Debug */,
				4F37C2431FFDD21500C2C6E1 /* Release */,
			);
			defaultConfigurationIsVisible = 0;
			defaultConfigurationName = Release;
		};
		4F37C2441FFDD21500C2C6E1 /* Build configuration list for PBXNativeTarget "闭包的循环引用" */ = {
			isa = XCConfigurationList;
			buildConfigurations = (
				4F37C2451FFDD21500C2C6E1 /* Debug */,
				4F37C2461FFDD21500C2C6E1 /* Release */,
			);
			defaultConfigurationIsVisible = 0;
			defaultConfigurationName = Release;
		};
/* End XCConfigurationList section */
	};
	rootObject = 4F37C22A1FFDD21500C2C6E1 /* Project object */;
}
